
Microsoft Visual Studio Solution File, Format Version 12.00
# Visual Studio Version 16
VisualStudioVersion = 16.0.30320.27
MinimumVisualStudioVersion = 10.0.40219.1
Project("{FAE04EC0-301F-11D3-BF4B-00C04F79EFBC}") = "ageComparison - 20.08.2020", "ageComparison - 20.08.2020\ageComparison - 20.08.2020.csproj", "{7C4FDA69-4EDB-477D-AEC6-8215F52F14F8}"
EndProject
Global
	GlobalSection(SolutionConfigurationPlatforms) = preSolution
		Debug|Any CPU = Debug|Any CPU
		Release|Any CPU = Release|Any CPU
	EndGlobalSection
	GlobalSection(ProjectConfigurationPlatforms) = postSolution
		{7C4FDA69-4EDB-477D-AEC6-8215F52F14F8}.Debug|Any CPU.ActiveCfg = Debug|Any CPU
		{7C4FDA69-4EDB-477D-AEC6-8215F52F14F8}.Debug|Any CPU.Build.0 = Debug|Any CPU
		{7C4FDA69-4EDB-477D-AEC6-8215F52F14F8}.Release|Any CPU.ActiveCfg = Release|Any CPU
		{7C4FDA69-4EDB-477D-AEC6-8215F52F14F8}.Release|Any CPU.Build.0 = Release|Any CPU
	EndGlobalSection
	GlobalSection(SolutionProperties) = preSolution
		HideSolutionNode = FALSE
	EndGlobalSection
	GlobalSection(ExtensibilityGlobals) = postSolution
		SolutionGuid = {9EADF7BC-4B25-493D-AE02-CA26A57D825A}
	EndGlobalSection
EndGlobal
